// !$*UTF8*$!
{
	archiveVersion = 1;
	classes = {
	};
	objectVersion = 46;
	objects = {

/* Begin PBXBuildFile section */
		6D9256531B74629A003E46B0 /* CAComponentDescription.cpp in Sources */ = {isa = PBXBuildFile; fileRef = 6D92564B1B74629A003E46B0 /* CAComponentDescription.cpp */; };
		6D9256541B74629A003E46B0 /* CAStreamBasicDescription.cpp in Sources */ = {isa = PBXBuildFile; fileRef = 6D92564F1B74629A003E46B0 /* CAStreamBasicDescription.cpp */; };
		6D9256551B74629A003E46B0 /* CAXException.cpp in Sources */ = {isa = PBXBuildFile; fileRef = 6D9256511B74629A003E46B0 /* CAXException.cpp */; };
		6D9256571B748916003E46B0 /* Track1.mp4 in Resources */ = {isa = PBXBuildFile; fileRef = 6D9256561B748916003E46B0 /* Track1.mp4 */; };
		6D92995D1B7242C200C6AB2A /* main.m in Sources */ = {isa = PBXBuildFile; fileRef = 6D92995C1B7242C200C6AB2A /* main.m */; };
		6D9299601B7242C200C6AB2A /* AppDelegate.m in Sources */ = {isa = PBXBuildFile; fileRef = 6D92995F1B7242C200C6AB2A /* AppDelegate.m */; };
		6D9299631B7242C200C6AB2A /* ViewController.m in Sources */ = {isa = PBXBuildFile; fileRef = 6D9299621B7242C200C6AB2A /* ViewController.m */; };
		6D9299661B7242C200C6AB2A /* Main.storyboard in Resources */ = {isa = PBXBuildFile; fileRef = 6D9299641B7242C200C6AB2A /* Main.storyboard */; };
		6D9299681B7242C200C6AB2A /* Images.xcassets in Resources */ = {isa = PBXBuildFile; fileRef = 6D9299671B7242C200C6AB2A /* Images.xcassets */; };
		6D92996B1B7242C200C6AB2A /* LaunchScreen.xib in Resources */ = {isa = PBXBuildFile; fileRef = 6D9299691B7242C200C6AB2A /* LaunchScreen.xib */; };
		6D9299771B7242C200C6AB2A /* AudioProcessorTests.m in Sources */ = {isa = PBXBuildFile; fileRef = 6D9299761B7242C200C6AB2A /* AudioProcessorTests.m */; };
		6D9299821B72448B00C6AB2A /* Recorder.m in Sources */ = {isa = PBXBuildFile; fileRef = 6D9299811B72448B00C6AB2A /* Recorder.m */; };
		6DBA3DBA1B727E9600910878 /* Player.m in Sources */ = {isa = PBXBuildFile; fileRef = 6DBA3DB91B727E9600910878 /* Player.m */; };
		6DBA3DBD1B72813400910878 /* AUGraphController.mm in Sources */ = {isa = PBXBuildFile; fileRef = 6DBA3DBC1B72813400910878 /* AUGraphController.mm */; };
/* End PBXBuildFile section */

/* Begin PBXContainerItemProxy section */
		6D9299711B7242C200C6AB2A /* PBXContainerItemProxy */ = {
			isa = PBXContainerItemProxy;
			containerPortal = 6D92994F1B7242C200C6AB2A /* Project object */;
			proxyType = 1;
			remoteGlobalIDString = 6D9299561B7242C200C6AB2A;
			remoteInfo = AudioProcessor;
		};
/* End PBXContainerItemProxy section */

/* Begin PBXFileReference section */
		6D92564A1B74629A003E46B0 /* CACFDictionary.h */ = {isa = PBXFileReference; fileEncoding = 4; lastKnownFileType = sourcecode.c.h; path = CACFDictionary.h; sourceTree = "<group>"; };
		6D92564B1B74629A003E46B0 /* CAComponentDescription.cpp */ = {isa = PBXFileReference; fileEncoding = 4; lastKnownFileType = sourcecode.cpp.cpp; path = CAComponentDescription.cpp; sourceTree = "<group>"; };
		6D92564C1B74629A003E46B0 /* CAComponentDescription.h */ = {isa = PBXFileReference; fileEncoding = 4; lastKnownFileType = sourcecode.c.h; path = CAComponentDescription.h; sourceTree = "<group>"; };
		6D92564D1B74629A003E46B0 /* CADebugMacros.h */ = {isa = PBXFileReference; fileEncoding = 4; lastKnownFileType = sourcecode.c.h; path = CADebugMacros.h; sourceTree = "<group>"; };
		6D92564E1B74629A003E46B0 /* CAMath.h */ = {isa = PBXFileReference; fileEncoding = 4; lastKnownFileType = sourcecode.c.h; path = CAMath.h; sourceTree = "<group>"; };
		6D92564F1B74629A003E46B0 /* CAStreamBasicDescription.cpp */ = {isa = PBXFileReference; fileEncoding = 4; lastKnownFileType = sourcecode.cpp.cpp; path = CAStreamBasicDescription.cpp; sourceTree = "<group>"; };
		6D9256501B74629A003E46B0 /* CAStreamBasicDescription.h */ = {isa = PBXFileReference; fileEncoding = 4; lastKnownFileType = sourcecode.c.h; path = CAStreamBasicDescription.h; sourceTree = "<group>"; };
		6D9256511B74629A003E46B0 /* CAXException.cpp */ = {isa = PBXFileReference; fileEncoding = 4; lastKnownFileType = sourcecode.cpp.cpp; path = CAXException.cpp; sourceTree = "<group>"; };
		6D9256521B74629A003E46B0 /* CAXException.h */ = {isa = PBXFileReference; fileEncoding = 4; lastKnownFileType = sourcecode.c.h; path = CAXException.h; sourceTree = "<group>"; };
		6D9256561B748916003E46B0 /* Track1.mp4 */ = {isa = PBXFileReference; lastKnownFileType = file; path = Track1.mp4; sourceTree = "<group>"; };
		6D9299571B7242C200C6AB2A /* AudioProcessor.app */ = {isa = PBXFileReference; explicitFileType = wrapper.application; includeInIndex = 0; path = AudioProcessor.app; sourceTree = BUILT_PRODUCTS_DIR; };
		6D92995B1B7242C200C6AB2A /* Info.plist */ = {isa = PBXFileReference; lastKnownFileType = text.plist.xml; path = Info.plist; sourceTree = "<group>"; };
		6D92995C1B7242C200C6AB2A /* main.m */ = {isa = PBXFileReference; lastKnownFileType = sourcecode.c.objc; path = main.m; sourceTree = "<group>"; };
		6D92995E1B7242C200C6AB2A /* AppDelegate.h */ = {isa = PBXFileReference; lastKnownFileType = sourcecode.c.h; path = AppDelegate.h; sourceTree = "<group>"; };
		6D92995F1B7242C200C6AB2A /* AppDelegate.m */ = {isa = PBXFileReference; lastKnownFileType = sourcecode.c.objc; path = AppDelegate.m; sourceTree = "<group>"; };
		6D9299611B7242C200C6AB2A /* ViewController.h */ = {isa = PBXFileReference; lastKnownFileType = sourcecode.c.h; path = ViewController.h; sourceTree = "<group>"; };
		6D9299621B7242C200C6AB2A /* ViewController.m */ = {isa = PBXFileReference; lastKnownFileType = sourcecode.c.objc; path = ViewController.m; sourceTree = "<group>"; };
		6D9299651B7242C200C6AB2A /* Base */ = {isa = PBXFileReference; lastKnownFileType = file.storyboard; name = Base; path = Base.lproj/Main.storyboard; sourceTree = "<group>"; };
		6D9299671B7242C200C6AB2A /* Images.xcassets */ = {isa = PBXFileReference; lastKnownFileType = folder.assetcatalog; path = Images.xcassets; sourceTree = "<group>"; };
		6D92996A1B7242C200C6AB2A /* Base */ = {isa = PBXFileReference; lastKnownFileType = file.xib; name = Base; path = Base.lproj/LaunchScreen.xib; sourceTree = "<group>"; };
		6D9299701B7242C200C6AB2A /* AudioProcessorTests.xctest */ = {isa = PBXFileReference; explicitFileType = wrapper.cfbundle; includeInIndex = 0; path = AudioProcessorTests.xctest; sourceTree = BUILT_PRODUCTS_DIR; };
		6D9299751B7242C200C6AB2A /* Info.plist */ = {isa = PBXFileReference; lastKnownFileType = text.plist.xml; path = Info.plist; sourceTree = "<group>"; };
		6D9299761B7242C200C6AB2A /* AudioProcessorTests.m */ = {isa = PBXFileReference; lastKnownFileType = sourcecode.c.objc; path = AudioProcessorTests.m; sourceTree = "<group>"; };
		6D9299801B72448B00C6AB2A /* Recorder.h */ = {isa = PBXFileReference; fileEncoding = 4; lastKnownFileType = sourcecode.c.h; path = Recorder.h; sourceTree = "<group>"; };
		6D9299811B72448B00C6AB2A /* Recorder.m */ = {isa = PBXFileReference; fileEncoding = 4; lastKnownFileType = sourcecode.c.objc; path = Recorder.m; sourceTree = "<group>"; };
		6DBA3DB81B727E9600910878 /* Player.h */ = {isa = PBXFileReference; fileEncoding = 4; lastKnownFileType = sourcecode.c.h; path = Player.h; sourceTree = "<group>"; };
		6DBA3DB91B727E9600910878 /* Player.m */ = {isa = PBXFileReference; fileEncoding = 4; lastKnownFileType = sourcecode.c.objc; path = Player.m; sourceTree = "<group>"; };
		6DBA3DBB1B72813400910878 /* AUGraphController.h */ = {isa = PBXFileReference; fileEncoding = 4; lastKnownFileType = sourcecode.c.h; path = AUGraphController.h; sourceTree = "<group>"; };
		6DBA3DBC1B72813400910878 /* AUGraphController.mm */ = {isa = PBXFileReference; fileEncoding = 4; lastKnownFileType = sourcecode.cpp.objcpp; path = AUGraphController.mm; sourceTree = "<group>"; };
/* End PBXFileReference section */

/* Begin PBXFrameworksBuildPhase section */
		6D9299541B7242C200C6AB2A /* Frameworks */ = {
			isa = PBXFrameworksBuildPhase;
			buildActionMask = 2147483647;
			files = (
			);
			runOnlyForDeploymentPostprocessing = 0;
		};
		6D92996D1B7242C200C6AB2A /* Frameworks */ = {
			isa = PBXFrameworksBuildPhase;
			buildActionMask = 2147483647;
			files = (
			);
			runOnlyForDeploymentPostprocessing = 0;
		};
/* End PBXFrameworksBuildPhase section */

/* Begin PBXGroup section */
		6D9256491B74629A003E46B0 /* PublicUtility */ = {
			isa = PBXGroup;
			children = (
				6D92564A1B74629A003E46B0 /* CACFDictionary.h */,
				6D92564B1B74629A003E46B0 /* CAComponentDescription.cpp */,
				6D92564C1B74629A003E46B0 /* CAComponentDescription.h */,
				6D92564D1B74629A003E46B0 /* CADebugMacros.h */,
				6D92564E1B74629A003E46B0 /* CAMath.h */,
				6D92564F1B74629A003E46B0 /* CAStreamBasicDescription.cpp */,
				6D9256501B74629A003E46B0 /* CAStreamBasicDescription.h */,
				6D9256511B74629A003E46B0 /* CAXException.cpp */,
				6D9256521B74629A003E46B0 /* CAXException.h */,
			);
			path = PublicUtility;
			sourceTree = "<group>";
		};
		6D92994E1B7242C200C6AB2A = {
			isa = PBXGroup;
			children = (
				6D9256561B748916003E46B0 /* Track1.mp4 */,
				6D9299591B7242C200C6AB2A /* AudioProcessor */,
				6D9256491B74629A003E46B0 /* PublicUtility */,
				6D9299731B7242C200C6AB2A /* AudioProcessorTests */,
				6D9299581B7242C200C6AB2A /* Products */,
			);
			sourceTree = "<group>";
		};
		6D9299581B7242C200C6AB2A /* Products */ = {
			isa = PBXGroup;
			children = (
				6D9299571B7242C200C6AB2A /* AudioProcessor.app */,
				6D9299701B7242C200C6AB2A /* AudioProcessorTests.xctest */,
			);
			name = Products;
			sourceTree = "<group>";
		};
		6D9299591B7242C200C6AB2A /* AudioProcessor */ = {
			isa = PBXGroup;
			children = (
				6D92995E1B7242C200C6AB2A /* AppDelegate.h */,
				6D92995F1B7242C200C6AB2A /* AppDelegate.m */,
				6D9299611B7242C200C6AB2A /* ViewController.h */,
				6D9299621B7242C200C6AB2A /* ViewController.m */,
				6DBA3DBB1B72813400910878 /* AUGraphController.h */,
				6DBA3DBC1B72813400910878 /* AUGraphController.mm */,
				6D9299801B72448B00C6AB2A /* Recorder.h */,
				6D9299811B72448B00C6AB2A /* Recorder.m */,
				6DBA3DB81B727E9600910878 /* Player.h */,
				6DBA3DB91B727E9600910878 /* Player.m */,
				6D9299641B7242C200C6AB2A /* Main.storyboard */,
				6D9299671B7242C200C6AB2A /* Images.xcassets */,
				6D9299691B7242C200C6AB2A /* LaunchScreen.xib */,
				6D92995A1B7242C200C6AB2A /* Supporting Files */,
			);
			path = AudioProcessor;
			sourceTree = "<group>";
		};
		6D92995A1B7242C200C6AB2A /* Supporting Files */ = {
			isa = PBXGroup;
			children = (
				6D92995B1B7242C200C6AB2A /* Info.plist */,
				6D92995C1B7242C200C6AB2A /* main.m */,
			);
			name = "Supporting Files";
			sourceTree = "<group>";
		};
		6D9299731B7242C200C6AB2A /* AudioProcessorTests */ = {
			isa = PBXGroup;
			children = (
				6D9299761B7242C200C6AB2A /* AudioProcessorTests.m */,
				6D9299741B7242C200C6AB2A /* Supporting Files */,
			);
			path = AudioProcessorTests;
			sourceTree = "<group>";
		};
		6D9299741B7242C200C6AB2A /* Supporting Files */ = {
			isa = PBXGroup;
			children = (
				6D9299751B7242C200C6AB2A /* Info.plist */,
			);
			name = "Supporting Files";
			sourceTree = "<group>";
		};
/* End PBXGroup section */

/* Begin PBXNativeTarget section */
		6D9299561B7242C200C6AB2A /* AudioProcessor */ = {
			isa = PBXNativeTarget;
			buildConfigurationList = 6D92997A1B7242C200C6AB2A /* Build configuration list for PBXNativeTarget "AudioProcessor" */;
			buildPhases = (
				6D9299531B7242C200C6AB2A /* Sources */,
				6D9299541B7242C200C6AB2A /* Frameworks */,
				6D9299551B7242C200C6AB2A /* Resources */,
			);
			buildRules = (
			);
			dependencies = (
			);
			name = AudioProcessor;
			productName = AudioProcessor;
			productReference = 6D9299571B7242C200C6AB2A /* AudioProcessor.app */;
			productType = "com.apple.product-type.application";
		};
		6D92996F1B7242C200C6AB2A /* AudioProcessorTests */ = {
			isa = PBXNativeTarget;
			buildConfigurationList = 6D92997D1B7242C200C6AB2A /* Build configuration list for PBXNativeTarget "AudioProcessorTests" */;
			buildPhases = (
				6D92996C1B7242C200C6AB2A /* Sources */,
				6D92996D1B7242C200C6AB2A /* Frameworks */,
				6D92996E1B7242C200C6AB2A /* Resources */,
			);
			buildRules = (
			);
			dependencies = (
				6D9299721B7242C200C6AB2A /* PBXTargetDependency */,
			);
			name = AudioProcessorTests;
			productName = AudioProcessorTests;
			productReference = 6D9299701B7242C200C6AB2A /* AudioProcessorTests.xctest */;
			productType = "com.apple.product-type.bundle.unit-test";
		};
/* End PBXNativeTarget section */

/* Begin PBXProject section */
		6D92994F1B7242C200C6AB2A /* Project object */ = {
			isa = PBXProject;
			attributes = {
				LastUpgradeCheck = 0640;
				ORGANIZATIONNAME = edu;
				TargetAttributes = {
					6D9299561B7242C200C6AB2A = {
						CreatedOnToolsVersion = 6.4;
					};
					6D92996F1B7242C200C6AB2A = {
						CreatedOnToolsVersion = 6.4;
						TestTargetID = 6D9299561B7242C200C6AB2A;
					};
				};
			};
			buildConfigurationList = 6D9299521B7242C200C6AB2A /* Build configuration list for PBXProject "AudioProcessor" */;
			compatibilityVersion = "Xcode 3.2";
			developmentRegion = English;
			hasScannedForEncodings = 0;
			knownRegions = (
				en,
				Base,
			);
			mainGroup = 6D92994E1B7242C200C6AB2A;
			productRefGroup = 6D9299581B7242C200C6AB2A /* Products */;
			projectDirPath = "";
			projectRoot = "";
			targets = (
				6D9299561B7242C200C6AB2A /* AudioProcessor */,
				6D92996F1B7242C200C6AB2A /* AudioProcessorTests */,
			);
		};
/* End PBXProject section */

/* Begin PBXResourcesBuildPhase section */
		6D9299551B7242C200C6AB2A /* Resources */ = {
			isa = PBXResourcesBuildPhase;
			buildActionMask = 2147483647;
			files = (
				6D9299661B7242C200C6AB2A /* Main.storyboard in Resources */,
				6D92996B1B7242C200C6AB2A /* LaunchScreen.xib in Resources */,
				6D9299681B7242C200C6AB2A /* Images.xcassets in Resources */,
				6D9256571B748916003E46B0 /* Track1.mp4 in Resources */,
			);
			runOnlyForDeploymentPostprocessing = 0;
		};
		6D92996E1B7242C200C6AB2A /* Resources */ = {
			isa = PBXResourcesBuildPhase;
			buildActionMask = 2147483647;
			files = (
			);
			runOnlyForDeploymentPostprocessing = 0;
		};
/* End PBXResourcesBuildPhase section */

/* Begin PBXSourcesBuildPhase section */
		6D9299531B7242C200C6AB2A /* Sources */ = {
			isa = PBXSourcesBuildPhase;
			buildActionMask = 2147483647;
			files = (
				6D9256551B74629A003E46B0 /* CAXException.cpp in Sources */,
				6D9299631B7242C200C6AB2A /* ViewController.m in Sources */,
				6D9256531B74629A003E46B0 /* CAComponentDescription.cpp in Sources */,
				6D9299601B7242C200C6AB2A /* AppDelegate.m in Sources */,
				6D9256541B74629A003E46B0 /* CAStreamBasicDescription.cpp in Sources */,
				6D92995D1B7242C200C6AB2A /* main.m in Sources */,
				6D9299821B72448B00C6AB2A /* Recorder.m in Sources */,
				6DBA3DBD1B72813400910878 /* AUGraphController.mm in Sources */,
				6DBA3DBA1B727E9600910878 /* Player.m in Sources */,
			);
			runOnlyForDeploymentPostprocessing = 0;
		};
		6D92996C1B7242C200C6AB2A /* Sources */ = {
			isa = PBXSourcesBuildPhase;
			buildActionMask = 2147483647;
			files = (
				6D9299771B7242C200C6AB2A /* AudioProcessorTests.m in Sources */,
			);
			runOnlyForDeploymentPostprocessing = 0;
		};
/* End PBXSourcesBuildPhase section */

/* Begin PBXTargetDependency section */
		6D9299721B7242C200C6AB2A /* PBXTargetDependency */ = {
			isa = PBXTargetDependency;
			target = 6D9299561B7242C200C6AB2A /* AudioProcessor */;
			targetProxy = 6D9299711B7242C200C6AB2A /* PBXContainerItemProxy */;
		};
/* End PBXTargetDependency section */

/* Begin PBXVariantGroup section */
		6D9299641B7242C200C6AB2A /* Main.storyboard */ = {
			isa = PBXVariantGroup;
			children = (
				6D9299651B7242C200C6AB2A /* Base */,
			);
			name = Main.storyboard;
			sourceTree = "<group>";
		};
		6D9299691B7242C200C6AB2A /* LaunchScreen.xib */ = {
			isa = PBXVariantGroup;
			children = (
				6D92996A1B7242C200C6AB2A /* Base */,
			);
			name = LaunchScreen.xib;
			sourceTree = "<group>";
		};
/* End PBXVariantGroup section */

/* Begin XCBuildConfiguration section */
		6D9299781B7242C200C6AB2A /* Debug */ = {
			isa = XCBuildConfiguration;
			buildSettings = {
				ALWAYS_SEARCH_USER_PATHS = NO;
				CLANG_CXX_LANGUAGE_STANDARD = "gnu++0x";
				CLANG_CXX_LIBRARY = "libc++";
				CLANG_ENABLE_MODULES = YES;
				CLANG_ENABLE_OBJC_ARC = YES;
				CLANG_WARN_BOOL_CONVERSION = YES;
				CLANG_WARN_CONSTANT_CONVERSION = YES;
				CLANG_WARN_DIRECT_OBJC_ISA_USAGE = YES_ERROR;
				CLANG_WARN_EMPTY_BODY = YES;
				CLANG_WARN_ENUM_CONVERSION = YES;
				CLANG_WARN_INT_CONVERSION = YES;
				CLANG_WARN_OBJC_ROOT_CLASS = YES_ERROR;
				CLANG_WARN_UNREACHABLE_CODE = YES;
				CLANG_WARN__DUPLICATE_METHOD_MATCH = YES;
				"CODE_SIGN_IDENTITY[sdk=iphoneos*]" = "iPhone Developer";
				COPY_PHASE_STRIP = NO;
				DEBUG_INFORMATION_FORMAT = "dwarf-with-dsym";
				ENABLE_STRICT_OBJC_MSGSEND = YES;
				GCC_C_LANGUAGE_STANDARD = gnu99;
				GCC_DYNAMIC_NO_PIC = NO;
				GCC_NO_COMMON_BLOCKS = YES;
				GCC_OPTIMIZATION_LEVEL = 0;
				GCC_PREPROCESSOR_DEFINITIONS = (
					"DEBUG=1",
					"$(inherited)",
				);
				GCC_SYMBOLS_PRIVATE_EXTERN = NO;
				GCC_WARN_64_TO_32_BIT_CONVERSION = YES;
				GCC_WARN_ABOUT_RETURN_TYPE = YES_ERROR;
				GCC_WARN_UNDECLARED_SELECTOR = YES;
				GCC_WARN_UNINITIALIZED_AUTOS = YES_AGGRESSIVE;
				GCC_WARN_UNUSED_FUNCTION = YES;
				GCC_WARN_UNUSED_VARIABLE = YES;
				IPHONEOS_DEPLOYMENT_TARGET = 8.4;
				MTL_ENABLE_DEBUG_INFO = YES;
				ONLY_ACTIVE_ARCH = YES;
				SDKROOT = iphoneos;
				TARGETED_DEVICE_FAMILY = "1,2";
			};
			name = Debug;
		};
		6D9299791B7242C200C6AB2A /* Release */ = {
			isa = XCBuildConfiguration;
			buildSettings = {
				ALWAYS_SEARCH_USER_PATHS = NO;
				CLANG_CXX_LANGUAGE_STANDARD = "gnu++0x";
				CLANG_CXX_LIBRARY = "libc++";
				CLANG_ENABLE_MODULES = YES;
				CLANG_ENABLE_OBJC_ARC = YES;
				CLANG_WARN_BOOL_CONVERSION = YES;
				CLANG_WARN_CONSTANT_CONVERSION = YES;
				CLANG_WARN_DIRECT_OBJC_ISA_USAGE = YES_ERROR;
				CLANG_WARN_EMPTY_BODY = YES;
				CLANG_WARN_ENUM_CONVERSION = YES;
				CLANG_WARN_INT_CONVERSION = YES;
				CLANG_WARN_OBJC_ROOT_CLASS = YES_ERROR;
				CLANG_WARN_UNREACHABLE_CODE = YES;
				CLANG_WARN__DUPLICATE_METHOD_MATCH = YES;
				"CODE_SIGN_IDENTITY[sdk=iphoneos*]" = "iPhone Developer";
				COPY_PHASE_STRIP = NO;
				DEBUG_INFORMATION_FORMAT = "dwarf-with-dsym";
				ENABLE_NS_ASSERTIONS = NO;
				ENABLE_STRICT_OBJC_MSGSEND = YES;
				GCC_C_LANGUAGE_STANDARD = gnu99;
				GCC_NO_COMMON_BLOCKS = YES;
				GCC_WARN_64_TO_32_BIT_CONVERSION = YES;
				GCC_WARN_ABOUT_RETURN_TYPE = YES_ERROR;
				GCC_WARN_UNDECLARED_SELECTOR = YES;
				GCC_WARN_UNINITIALIZED_AUTOS = YES_AGGRESSIVE;
				GCC_WARN_UNUSED_FUNCTION = YES;
				GCC_WARN_UNUSED_VARIABLE = YES;
				IPHONEOS_DEPLOYMENT_TARGET = 8.4;
				MTL_ENABLE_DEBUG_INFO = NO;
				SDKROOT = iphoneos;
				TARGETED_DEVICE_FAMILY = "1,2";
				VALIDATE_PRODUCT = YES;
			};
			name = Release;
		};
		6D92997B1B7242C200C6AB2A /* Debug */ = {
			isa = XCBuildConfiguration;
			buildSettings = {
				ASSETCATALOG_COMPILER_APPICON_NAME = AppIcon;
				INFOPLIST_FILE = AudioProcessor/Info.plist;
				IPHONEOS_DEPLOYMENT_TARGET = 7.0;
				LD_RUNPATH_SEARCH_PATHS = "$(inherited) @executable_path/Frameworks";
				PRODUCT_NAME = "$(TARGET_NAME)";
			};
			name = Debug;
		};
		6D92997C1B7242C200C6AB2A /* Release */ = {
			isa = XCBuildConfiguration;
			buildSettings = {
				ASSETCATALOG_COMPILER_APPICON_NAME = AppIcon;
				INFOPLIST_FILE = AudioProcessor/Info.plist;
				IPHONEOS_DEPLOYMENT_TARGET = 7.0;
				LD_RUNPATH_SEARCH_PATHS = "$(inherited) @executable_path/Frameworks";
				PRODUCT_NAME = "$(TARGET_NAME)";
			};
			name = Release;
		};
		6D92997E1B7242C200C6AB2A /* Debug */ = {
			isa = XCBuildConfiguration;
			buildSettings = {
				BUNDLE_LOADER = "$(TEST_HOST)";
				FRAMEWORK_SEARCH_PATHS = (
					"$(SDKROOT)/Developer/Library/Frameworks",
					"$(inherited)",
				);
				GCC_PREPROCESSOR_DEFINITIONS = (
					"DEBUG=1",
					"$(inherited)",
				);
				INFOPLIST_FILE = AudioProcessorTests/Info.plist;
				LD_RUNPATH_SEARCH_PATHS = "$(inherited) @executable_path/Frameworks @loader_path/Frameworks";
				PRODUCT_NAME = "$(TARGET_NAME)";
				TEST_HOST = "$(BUILT_PRODUCTS_DIR)/AudioProcessor.app/AudioProcessor";
			};
			name = Debug;
		};
		6D92997F1B7242C200C6AB2A /* Release */ = {
			isa = XCBuildConfiguration;
			buildSettings = {
				BUNDLE_LOADER = "$(TEST_HOST)";
				FRAMEWORK_SEARCH_PATHS = (
					"$(SDKROOT)/Developer/Library/Frameworks",
					"$(inherited)",
				);
				INFOPLIST_FILE = AudioProcessorTests/Info.plist;
				LD_RUNPATH_SEARCH_PATHS = "$(inherited) @executable_path/Frameworks @loader_path/Frameworks";
				PRODUCT_NAME = "$(TARGET_NAME)";
				TEST_HOST = "$(BUILT_PRODUCTS_DIR)/AudioProcessor.app/AudioProcessor";
			};
			name = Release;
		};
/* End XCBuildConfiguration section */

/* Begin XCConfigurationList section */
		6D9299521B7242C200C6AB2A /* Build configuration list for PBXProject "AudioProcessor" */ = {
			isa = XCConfigurationList;
			buildConfigurations = (
				6D9299781B7242C200C6AB2A /* Debug */,
				6D9299791B7242C200C6AB2A /* Release */,
			);
			defaultConfigurationIsVisible = 0;
			defaultConfigurationName = Release;
		};
		6D92997A1B7242C200C6AB2A /* Build configuration list for PBXNativeTarget "AudioProcessor" */ = {
			isa = XCConfigurationList;
			buildConfigurations = (
				6D92997B1B7242C200C6AB2A /* Debug */,
				6D92997C1B7242C200C6AB2A /* Release */,
			);
			defaultConfigurationIsVisible = 0;
			defaultConfigurationName = Release;
		};
		6D92997D1B7242C200C6AB2A /* Build configuration list for PBXNativeTarget "AudioProcessorTests" */ = {
			isa = XCConfigurationList;
			buildConfigurations = (
				6D92997E1B7242C200C6AB2A /* Debug */,
				6D92997F1B7242C200C6AB2A /* Release */,
			);
			defaultConfigurationIsVisible = 0;
			defaultConfigurationName = Release;
		};
/* End XCConfigurationList section */
	};
	rootObject = 6D92994F1B7242C200C6AB2A /* Project object */;
}
